
Microsoft Visual Studio Solution File, Format Version 12.00
# Visual Studio Version 17
VisualStudioVersion = 17.3.32825.248
MinimumVisualStudioVersion = 10.0.40219.1
Project("{8BC9CEB8-8B4A-11D0-8D11-00A0C91BC942}") = "14.01 с++", "14.01 с++\14.01 с++.vcxproj", "{FC54A089-23CF-4B9E-ADFD-4FFD76908BB9}"
EndProject
Global
	GlobalSection(SolutionConfigurationPlatforms) = preSolution
		Debug|x64 = Debug|x64
		Debug|x86 = Debug|x86
		Release|x64 = Release|x64
		Release|x86 = Release|x86
	EndGlobalSection
	GlobalSection(ProjectConfigurationPlatforms) = postSolution
		{FC54A089-23CF-4B9E-ADFD-4FFD76908BB9}.Debug|x64.ActiveCfg = Debug|x64
		{FC54A089-23CF-4B9E-ADFD-4FFD76908BB9}.Debug|x64.Build.0 = Debug|x64
		{FC54A089-23CF-4B9E-ADFD-4FFD76908BB9}.Debug|x86.ActiveCfg = Debug|Win32
		{FC54A089-23CF-4B9E-ADFD-4FFD76908BB9}.Debug|x86.Build.0 = Debug|Win32
		{FC54A089-23CF-4B9E-ADFD-4FFD76908BB9}.Release|x64.ActiveCfg = Release|x64
		{FC54A089-23CF-4B9E-ADFD-4FFD76908BB9}.Release|x64.Build.0 = Release|x64
		{FC54A089-23CF-4B9E-ADFD-4FFD76908BB9}.Release|x86.ActiveCfg = Release|Win32
		{FC54A089-23CF-4B9E-ADFD-4FFD76908BB9}.Release|x86.Build.0 = Release|Win32
	EndGlobalSection
	GlobalSection(SolutionProperties) = preSolution
		HideSolutionNode = FALSE
	EndGlobalSection
	GlobalSection(ExtensibilityGlobals) = postSolution
		SolutionGuid = {A4529135-406A-4147-BBFC-FD30570A7CCC}
	EndGlobalSection
EndGlobal
